
Microsoft Visual Studio Solution File, Format Version 12.00
# Visual Studio Version 16
VisualStudioVersion = 16.0.31911.196
MinimumVisualStudioVersion = 10.0.40219.1
Project("{8BC9CEB8-8B4A-11D0-8D11-00A0C91BC942}") = "AB", "AB\AB.vcxproj", "{42BBA311-06C2-4A5A-8E5B-21D5F711FF78}"
EndProject
Global
	GlobalSection(SolutionConfigurationPlatforms) = preSolution
		Debug|x64 = Debug|x64
		Debug|x86 = Debug|x86
		Release|x64 = Release|x64
		Release|x86 = Release|x86
	EndGlobalSection
	GlobalSection(ProjectConfigurationPlatforms) = postSolution
		{42BBA311-06C2-4A5A-8E5B-21D5F711FF78}.Debug|x64.ActiveCfg = Debug|x64
		{42BBA311-06C2-4A5A-8E5B-21D5F711FF78}.Debug|x64.Build.0 = Debug|x64
		{42BBA311-06C2-4A5A-8E5B-21D5F711FF78}.Debug|x86.ActiveCfg = Debug|Win32
		{42BBA311-06C2-4A5A-8E5B-21D5F711FF78}.Debug|x86.Build.0 = Debug|Win32
		{42BBA311-06C2-4A5A-8E5B-21D5F711FF78}.Release|x64.ActiveCfg = Release|x64
		{42BBA311-06C2-4A5A-8E5B-21D5F711FF78}.Release|x64.Build.0 = Release|x64
		{42BBA311-06C2-4A5A-8E5B-21D5F711FF78}.Release|x86.ActiveCfg = Release|Win32
		{42BBA311-06C2-4A5A-8E5B-21D5F711FF78}.Release|x86.Build.0 = Release|Win32
	EndGlobalSection
	GlobalSection(SolutionProperties) = preSolution
		HideSolutionNode = FALSE
	EndGlobalSection
	GlobalSection(ExtensibilityGlobals) = postSolution
		SolutionGuid = {6F22CDD4-DCC6-4CBD-8569-F2F60A729C36}
	EndGlobalSection
EndGlobal
